{
  "originHash" : "24f1a9468bd9d6351089c5e3ded4aa4c1e71b82756d1daf5f2a53d93abe69a3e",
  "pins" : [
    {
      "identity" : "rxcombine",
      "kind" : "remoteSourceControl",
      "location" : "https://github.com/CombineCommunity/RxCombine.git",
      "state" : {
        "revision" : "19474c2ac9fde613bba8513bf98990e1aa9831cd",
        "version" : "2.0.1"
      }
    },
    {
      "identity" : "rxswift",
      "kind" : "remoteSourceControl",
      "location" : "https://github.com/ReactiveX/RxSwift.git",
      "state" : {
        "revision" : "5004a18539bd68905c5939aa893075f578f4f03d",
        "version" : "6.9.1"
      }
    },
    {
      "identity" : "swift-syntax",
      "kind" : "remoteSourceControl",
      "location" : "https://github.com/swiftlang/swift-syntax.git",
      "state" : {
        "revision" : "4799286537280063c85a32f09884cfbca301b1a1",
        "version" : "602.0.0"
      }
    }
  ],
  "version" : 3
}
